// !$*UTF8*$!
{
	archiveVersion = 1;
	classes = {
	};
	objectVersion = 56;
	objects = {

/* Begin PBXBuildFile section */
		CDC5E90C2D56FF65008C266E /* ReversiApp.swift in Sources */ = {isa = PBXBuildFile; fileRef = CDC5E90B2D56FF65008C266E /* ReversiApp.swift */; };
		CDC5E90E2D56FF65008C266E /* ContentView.swift in Sources */ = {isa = PBXBuildFile; fileRef = CDC5E90D2D56FF65008C266E /* ContentView.swift */; };
		CDC5E9102D56FF66008C266E /* Assets.xcassets in Resources */ = {isa = PBXBuildFile; fileRef = CDC5E90F2D56FF66008C266E /* Assets.xcassets */; };
		CDC5E9132D56FF66008C266E /* Preview Assets.xcassets in Resources */ = {isa = PBXBuildFile; fileRef = CDC5E9122D56FF66008C266E /* Preview Assets.xcassets */; };
		CDC5E91D2D56FF66008C266E /* ReversiTests.swift in Sources */ = {isa = PBXBuildFile; fileRef = CDC5E91C2D56FF66008C266E /* ReversiTests.swift */; };
		CDC5E9272D56FF66008C266E /* ReversiUITests.swift in Sources */ = {isa = PBXBuildFile; fileRef = CDC5E9262D56FF66008C266E /* ReversiUITests.swift */; };
		CDC5E9292D56FF66008C266E /* ReversiUITestsLaunchTests.swift in Sources */ = {isa = PBXBuildFile; fileRef = CDC5E9282D56FF66008C266E /* ReversiUITestsLaunchTests.swift */; };
/* End PBXBuildFile section */

/* Begin PBXContainerItemProxy section */
		CDC5E9192D56FF66008C266E /* PBXContainerItemProxy */ = {
			isa = PBXContainerItemProxy;
			containerPortal = CDC5E9002D56FF65008C266E /* Project object */;
			proxyType = 1;
			remoteGlobalIDString = CDC5E9072D56FF65008C266E;
			remoteInfo = Reversi;
		};
		CDC5E9232D56FF66008C266E /* PBXContainerItemProxy */ = {
			isa = PBXContainerItemProxy;
			containerPortal = CDC5E9002D56FF65008C266E /* Project object */;
			proxyType = 1;
			remoteGlobalIDString = CDC5E9072D56FF65008C266E;
			remoteInfo = Reversi;
		};
/* End PBXContainerItemProxy section */

/* Begin PBXFileReference section */
		CDC5E9082D56FF65008C266E /* Reversi.app */ = {isa = PBXFileReference; explicitFileType = wrapper.application; includeInIndex = 0; path = Reversi.app; sourceTree = BUILT_PRODUCTS_DIR; };
		CDC5E90B2D56FF65008C266E /* ReversiApp.swift */ = {isa = PBXFileReference; lastKnownFileType = sourcecode.swift; path = ReversiApp.swift; sourceTree = "<group>"; };
		CDC5E90D2D56FF65008C266E /* ContentView.swift */ = {isa = PBXFileReference; lastKnownFileType = sourcecode.swift; path = ContentView.swift; sourceTree = "<group>"; };
		CDC5E90F2D56FF66008C266E /* Assets.xcassets */ = {isa = PBXFileReference; lastKnownFileType = folder.assetcatalog; path = Assets.xcassets; sourceTree = "<group>"; };
		CDC5E9122D56FF66008C266E /* Preview Assets.xcassets */ = {isa = PBXFileReference; lastKnownFileType = folder.assetcatalog; path = "Preview Assets.xcassets"; sourceTree = "<group>"; };
		CDC5E9182D56FF66008C266E /* ReversiTests.xctest */ = {isa = PBXFileReference; explicitFileType = wrapper.cfbundle; includeInIndex = 0; path = ReversiTests.xctest; sourceTree = BUILT_PRODUCTS_DIR; };
		CDC5E91C2D56FF66008C266E /* ReversiTests.swift */ = {isa = PBXFileReference; lastKnownFileType = sourcecode.swift; path = ReversiTests.swift; sourceTree = "<group>"; };
		CDC5E9222D56FF66008C266E /* ReversiUITests.xctest */ = {isa = PBXFileReference; explicitFileType = wrapper.cfbundle; includeInIndex = 0; path = ReversiUITests.xctest; sourceTree = BUILT_PRODUCTS_DIR; };
		CDC5E9262D56FF66008C266E /* ReversiUITests.swift */ = {isa = PBXFileReference; lastKnownFileType = sourcecode.swift; path = ReversiUITests.swift; sourceTree = "<group>"; };
		CDC5E9282D56FF66008C266E /* ReversiUITestsLaunchTests.swift */ = {isa = PBXFileReference; lastKnownFileType = sourcecode.swift; path = ReversiUITestsLaunchTests.swift; sourceTree = "<group>"; };
/* End PBXFileReference section */

/* Begin PBXFrameworksBuildPhase section */
		CDC5E9052D56FF65008C266E /* Frameworks */ = {
			isa = PBXFrameworksBuildPhase;
			buildActionMask = 2147483647;
			files = (
			);
			runOnlyForDeploymentPostprocessing = 0;
		};
		CDC5E9152D56FF66008C266E /* Frameworks */ = {
			isa = PBXFrameworksBuildPhase;
			buildActionMask = 2147483647;
			files = (
			);
			runOnlyForDeploymentPostprocessing = 0;
		};
		CDC5E91F2D56FF66008C266E /* Frameworks */ = {
			isa = PBXFrameworksBuildPhase;
			buildActionMask = 2147483647;
			files = (
			);
			runOnlyForDeploymentPostprocessing = 0;
		};
/* End PBXFrameworksBuildPhase section */

/* Begin PBXGroup section */
		CDC5E8FF2D56FF65008C266E = {
			isa = PBXGroup;
			children = (
				CDC5E90A2D56FF65008C266E /* Reversi */,
				CDC5E91B2D56FF66008C266E /* ReversiTests */,
				CDC5E9252D56FF66008C266E /* ReversiUITests */,
				CDC5E9092D56FF65008C266E /* Products */,
			);
			sourceTree = "<group>";
		};
		CDC5E9092D56FF65008C266E /* Products */ = {
			isa = PBXGroup;
			children = (
				CDC5E9082D56FF65008C266E /* Reversi.app */,
				CDC5E9182D56FF66008C266E /* ReversiTests.xctest */,
				CDC5E9222D56FF66008C266E /* ReversiUITests.xctest */,
			);
			name = Products;
			sourceTree = "<group>";
		};
		CDC5E90A2D56FF65008C266E /* Reversi */ = {
			isa = PBXGroup;
			children = (
				CDC5E90B2D56FF65008C266E /* ReversiApp.swift */,
				CDC5E90D2D56FF65008C266E /* ContentView.swift */,
				CDC5E90F2D56FF66008C266E /* Assets.xcassets */,
				CDC5E9112D56FF66008C266E /* Preview Content */,
			);
			path = Reversi;
			sourceTree = "<group>";
		};
		CDC5E9112D56FF66008C266E /* Preview Content */ = {
			isa = PBXGroup;
			children = (
				CDC5E9122D56FF66008C266E /* Preview Assets.xcassets */,
			);
			path = "Preview Content";
			sourceTree = "<group>";
		};
		CDC5E91B2D56FF66008C266E /* ReversiTests */ = {
			isa = PBXGroup;
			children = (
				CDC5E91C2D56FF66008C266E /* ReversiTests.swift */,
			);
			path = ReversiTests;
			sourceTree = "<group>";
		};
		CDC5E9252D56FF66008C266E /* ReversiUITests */ = {
			isa = PBXGroup;
			children = (
				CDC5E9262D56FF66008C266E /* ReversiUITests.swift */,
				CDC5E9282D56FF66008C266E /* ReversiUITestsLaunchTests.swift */,
			);
			path = ReversiUITests;
			sourceTree = "<group>";
		};
/* End PBXGroup section */

/* Begin PBXNativeTarget section */
		CDC5E9072D56FF65008C266E /* Reversi */ = {
			isa = PBXNativeTarget;
			buildConfigurationList = CDC5E92C2D56FF66008C266E /* Build configuration list for PBXNativeTarget "Reversi" */;
			buildPhases = (
				CDC5E9042D56FF65008C266E /* Sources */,
				CDC5E9052D56FF65008C266E /* Frameworks */,
				CDC5E9062D56FF65008C266E /* Resources */,
			);
			buildRules = (
			);
			dependencies = (
			);
			name = Reversi;
			productName = Reversi;
			productReference = CDC5E9082D56FF65008C266E /* Reversi.app */;
			productType = "com.apple.product-type.application";
		};
		CDC5E9172D56FF66008C266E /* ReversiTests */ = {
			isa = PBXNativeTarget;
			buildConfigurationList = CDC5E92F2D56FF66008C266E /* Build configuration list for PBXNativeTarget "ReversiTests" */;
			buildPhases = (
				CDC5E9142D56FF66008C266E /* Sources */,
				CDC5E9152D56FF66008C266E /* Frameworks */,
				CDC5E9162D56FF66008C266E /* Resources */,
			);
			buildRules = (
			);
			dependencies = (
				CDC5E91A2D56FF66008C266E /* PBXTargetDependency */,
			);
			name = ReversiTests;
			productName = ReversiTests;
			productReference = CDC5E9182D56FF66008C266E /* ReversiTests.xctest */;
			productType = "com.apple.product-type.bundle.unit-test";
		};
		CDC5E9212D56FF66008C266E /* ReversiUITests */ = {
			isa = PBXNativeTarget;
			buildConfigurationList = CDC5E9322D56FF66008C266E /* Build configuration list for PBXNativeTarget "ReversiUITests" */;
			buildPhases = (
				CDC5E91E2D56FF66008C266E /* Sources */,
				CDC5E91F2D56FF66008C266E /* Frameworks */,
				CDC5E9202D56FF66008C266E /* Resources */,
			);
			buildRules = (
			);
			dependencies = (
				CDC5E9242D56FF66008C266E /* PBXTargetDependency */,
			);
			name = ReversiUITests;
			productName = ReversiUITests;
			productReference = CDC5E9222D56FF66008C266E /* ReversiUITests.xctest */;
			productType = "com.apple.product-type.bundle.ui-testing";
		};
/* End PBXNativeTarget section */

/* Begin PBXProject section */
		CDC5E9002D56FF65008C266E /* Project object */ = {
			isa = PBXProject;
			attributes = {
				BuildIndependentTargetsInParallel = 1;
				LastSwiftUpdateCheck = 1540;
				LastUpgradeCheck = 1540;
				TargetAttributes = {
					CDC5E9072D56FF65008C266E = {
						CreatedOnToolsVersion = 15.4;
					};
					CDC5E9172D56FF66008C266E = {
						CreatedOnToolsVersion = 15.4;
						TestTargetID = CDC5E9072D56FF65008C266E;
					};
					CDC5E9212D56FF66008C266E = {
						CreatedOnToolsVersion = 15.4;
						TestTargetID = CDC5E9072D56FF65008C266E;
					};
				};
			};
			buildConfigurationList = CDC5E9032D56FF65008C266E /* Build configuration list for PBXProject "Reversi" */;
			compatibilityVersion = "Xcode 14.0";
			developmentRegion = en;
			hasScannedForEncodings = 0;
			knownRegions = (
				en,
				Base,
			);
			mainGroup = CDC5E8FF2D56FF65008C266E;
			productRefGroup = CDC5E9092D56FF65008C266E /* Products */;
			projectDirPath = "";
			projectRoot = "";
			targets = (
				CDC5E9072D56FF65008C266E /* Reversi */,
				CDC5E9172D56FF66008C266E /* ReversiTests */,
				CDC5E9212D56FF66008C266E /* ReversiUITests */,
			);
		};
/* End PBXProject section */

/* Begin PBXResourcesBuildPhase section */
		CDC5E9062D56FF65008C266E /* Resources */ = {
			isa = PBXResourcesBuildPhase;
			buildActionMask = 2147483647;
			files = (
				CDC5E9132D56FF66008C266E /* Preview Assets.xcassets in Resources */,
				CDC5E9102D56FF66008C266E /* Assets.xcassets in Resources */,
			);
			runOnlyForDeploymentPostprocessing = 0;
		};
		CDC5E9162D56FF66008C266E /* Resources */ = {
			isa = PBXResourcesBuildPhase;
			buildActionMask = 2147483647;
			files = (
			);
			runOnlyForDeploymentPostprocessing = 0;
		};
		CDC5E9202D56FF66008C266E /* Resources */ = {
			isa = PBXResourcesBuildPhase;
			buildActionMask = 2147483647;
			files = (
			);
			runOnlyForDeploymentPostprocessing = 0;
		};
/* End PBXResourcesBuildPhase section */

/* Begin PBXSourcesBuildPhase section */
		CDC5E9042D56FF65008C266E /* Sources */ = {
			isa = PBXSourcesBuildPhase;
			buildActionMask = 2147483647;
			files = (
				CDC5E90E2D56FF65008C266E /* ContentView.swift in Sources */,
				CDC5E90C2D56FF65008C266E /* ReversiApp.swift in Sources */,
			);
			runOnlyForDeploymentPostprocessing = 0;
		};
		CDC5E9142D56FF66008C266E /* Sources */ = {
			isa = PBXSourcesBuildPhase;
			buildActionMask = 2147483647;
			files = (
				CDC5E91D2D56FF66008C266E /* ReversiTests.swift in Sources */,
			);
			runOnlyForDeploymentPostprocessing = 0;
		};
		CDC5E91E2D56FF66008C266E /* Sources */ = {
			isa = PBXSourcesBuildPhase;
			buildActionMask = 2147483647;
			files = (
				CDC5E9272D56FF66008C266E /* ReversiUITests.swift in Sources */,
				CDC5E9292D56FF66008C266E /* ReversiUITestsLaunchTests.swift in Sources */,
			);
			runOnlyForDeploymentPostprocessing = 0;
		};
/* End PBXSourcesBuildPhase section */

/* Begin PBXTargetDependency section */
		CDC5E91A2D56FF66008C266E /* PBXTargetDependency */ = {
			isa = PBXTargetDependency;
			target = CDC5E9072D56FF65008C266E /* Reversi */;
			targetProxy = CDC5E9192D56FF66008C266E /* PBXContainerItemProxy */;
		};
		CDC5E9242D56FF66008C266E /* PBXTargetDependency */ = {
			isa = PBXTargetDependency;
			target = CDC5E9072D56FF65008C266E /* Reversi */;
			targetProxy = CDC5E9232D56FF66008C266E /* PBXContainerItemProxy */;
		};
/* End PBXTargetDependency section */

/* Begin XCBuildConfiguration section */
		CDC5E92A2D56FF66008C266E /* Debug */ = {
			isa = XCBuildConfiguration;
			buildSettings = {
				ALWAYS_SEARCH_USER_PATHS = NO;
				ASSETCATALOG_COMPILER_GENERATE_SWIFT_ASSET_SYMBOL_EXTENSIONS = YES;
				CLANG_ANALYZER_NONNULL = YES;
				CLANG_ANALYZER_NUMBER_OBJECT_CONVERSION = YES_AGGRESSIVE;
				CLANG_CXX_LANGUAGE_STANDARD = "gnu++20";
				CLANG_ENABLE_MODULES = YES;
				CLANG_ENABLE_OBJC_ARC = YES;
				CLANG_ENABLE_OBJC_WEAK = YES;
				CLANG_WARN_BLOCK_CAPTURE_AUTORELEASING = YES;
				CLANG_WARN_BOOL_CONVERSION = YES;
				CLANG_WARN_COMMA = YES;
				CLANG_WARN_CONSTANT_CONVERSION = YES;
				CLANG_WARN_DEPRECATED_OBJC_IMPLEMENTATIONS = YES;
				CLANG_WARN_DIRECT_OBJC_ISA_USAGE = YES_ERROR;
				CLANG_WARN_DOCUMENTATION_COMMENTS = YES;
				CLANG_WARN_EMPTY_BODY = YES;
				CLANG_WARN_ENUM_CONVERSION = YES;
				CLANG_WARN_INFINITE_RECURSION = YES;
				CLANG_WARN_INT_CONVERSION = YES;
				CLANG_WARN_NON_LITERAL_NULL_CONVERSION = YES;
				CLANG_WARN_OBJC_IMPLICIT_RETAIN_SELF = YES;
				CLANG_WARN_OBJC_LITERAL_CONVERSION = YES;
				CLANG_WARN_OBJC_ROOT_CLASS = YES_ERROR;
				CLANG_WARN_QUOTED_INCLUDE_IN_FRAMEWORK_HEADER = YES;
				CLANG_WARN_RANGE_LOOP_ANALYSIS = YES;
				CLANG_WARN_STRICT_PROTOTYPES = YES;
				CLANG_WARN_SUSPICIOUS_MOVE = YES;
				CLANG_WARN_UNGUARDED_AVAILABILITY = YES_AGGRESSIVE;
				CLANG_WARN_UNREACHABLE_CODE = YES;
				CLANG_WARN__DUPLICATE_METHOD_MATCH = YES;
				COPY_PHASE_STRIP = NO;
				DEBUG_INFORMATION_FORMAT = dwarf;
				ENABLE_STRICT_OBJC_MSGSEND = YES;
				ENABLE_TESTABILITY = YES;
				ENABLE_USER_SCRIPT_SANDBOXING = YES;
				GCC_C_LANGUAGE_STANDARD = gnu17;
				GCC_DYNAMIC_NO_PIC = NO;
				GCC_NO_COMMON_BLOCKS = YES;
				GCC_OPTIMIZATION_LEVEL = 0;
				GCC_PREPROCESSOR_DEFINITIONS = (
					"DEBUG=1",
					"$(inherited)",
				);
				GCC_WARN_64_TO_32_BIT_CONVERSION = YES;
				GCC_WARN_ABOUT_RETURN_TYPE = YES_ERROR;
				GCC_WARN_UNDECLARED_SELECTOR = YES;
				GCC_WARN_UNINITIALIZED_AUTOS = YES_AGGRESSIVE;
				GCC_WARN_UNUSED_FUNCTION = YES;
				GCC_WARN_UNUSED_VARIABLE = YES;
				IPHONEOS_DEPLOYMENT_TARGET = 17.5;
				LOCALIZATION_PREFERS_STRING_CATALOGS = YES;
				MTL_ENABLE_DEBUG_INFO = INCLUDE_SOURCE;
				MTL_FAST_MATH = YES;
				ONLY_ACTIVE_ARCH = YES;
				SDKROOT = iphoneos;
				SWIFT_ACTIVE_COMPILATION_CONDITIONS = "DEBUG $(inherited)";
				SWIFT_OPTIMIZATION_LEVEL = "-Onone";
			};
			name = Debug;
		};
		CDC5E92B2D56FF66008C266E /* Release */ = {
			isa = XCBuildConfiguration;
			buildSettings = {
				ALWAYS_SEARCH_USER_PATHS = NO;
				ASSETCATALOG_COMPILER_GENERATE_SWIFT_ASSET_SYMBOL_EXTENSIONS = YES;
				CLANG_ANALYZER_NONNULL = YES;
				CLANG_ANALYZER_NUMBER_OBJECT_CONVERSION = YES_AGGRESSIVE;
				CLANG_CXX_LANGUAGE_STANDARD = "gnu++20";
				CLANG_ENABLE_MODULES = YES;
				CLANG_ENABLE_OBJC_ARC = YES;
				CLANG_ENABLE_OBJC_WEAK = YES;
				CLANG_WARN_BLOCK_CAPTURE_AUTORELEASING = YES;
				CLANG_WARN_BOOL_CONVERSION = YES;
				CLANG_WARN_COMMA = YES;
				CLANG_WARN_CONSTANT_CONVERSION = YES;
				CLANG_WARN_DEPRECATED_OBJC_IMPLEMENTATIONS = YES;
				CLANG_WARN_DIRECT_OBJC_ISA_USAGE = YES_ERROR;
				CLANG_WARN_DOCUMENTATION_COMMENTS = YES;
				CLANG_WARN_EMPTY_BODY = YES;
				CLANG_WARN_ENUM_CONVERSION = YES;
				CLANG_WARN_INFINITE_RECURSION = YES;
				CLANG_WARN_INT_CONVERSION = YES;
				CLANG_WARN_NON_LITERAL_NULL_CONVERSION = YES;
				CLANG_WARN_OBJC_IMPLICIT_RETAIN_SELF = YES;
				CLANG_WARN_OBJC_LITERAL_CONVERSION = YES;
				CLANG_WARN_OBJC_ROOT_CLASS = YES_ERROR;
				CLANG_WARN_QUOTED_INCLUDE_IN_FRAMEWORK_HEADER = YES;
				CLANG_WARN_RANGE_LOOP_ANALYSIS = YES;
				CLANG_WARN_STRICT_PROTOTYPES = YES;
				CLANG_WARN_SUSPICIOUS_MOVE = YES;
				CLANG_WARN_UNGUARDED_AVAILABILITY = YES_AGGRESSIVE;
				CLANG_WARN_UNREACHABLE_CODE = YES;
				CLANG_WARN__DUPLICATE_METHOD_MATCH = YES;
				COPY_PHASE_STRIP = NO;
				DEBUG_INFORMATION_FORMAT = "dwarf-with-dsym";
				ENABLE_NS_ASSERTIONS = NO;
				ENABLE_STRICT_OBJC_MSGSEND = YES;
				ENABLE_USER_SCRIPT_SANDBOXING = YES;
				GCC_C_LANGUAGE_STANDARD = gnu17;
				GCC_NO_COMMON_BLOCKS = YES;
				GCC_WARN_64_TO_32_BIT_CONVERSION = YES;
				GCC_WARN_ABOUT_RETURN_TYPE = YES_ERROR;
				GCC_WARN_UNDECLARED_SELECTOR = YES;
				GCC_WARN_UNINITIALIZED_AUTOS = YES_AGGRESSIVE;
				GCC_WARN_UNUSED_FUNCTION = YES;
				GCC_WARN_UNUSED_VARIABLE = YES;
				IPHONEOS_DEPLOYMENT_TARGET = 17.5;
				LOCALIZATION_PREFERS_STRING_CATALOGS = YES;
				MTL_ENABLE_DEBUG_INFO = NO;
				MTL_FAST_MATH = YES;
				SDKROOT = iphoneos;
				SWIFT_COMPILATION_MODE = wholemodule;
				VALIDATE_PRODUCT = YES;
			};
			name = Release;
		};
		CDC5E92D2D56FF66008C266E /* Debug */ = {
			isa = XCBuildConfiguration;
			buildSettings = {
				ASSETCATALOG_COMPILER_APPICON_NAME = AppIcon;
				ASSETCATALOG_COMPILER_GLOBAL_ACCENT_COLOR_NAME = AccentColor;
				CODE_SIGN_STYLE = Automatic;
				CURRENT_PROJECT_VERSION = 1;
				DEVELOPMENT_ASSET_PATHS = "\"Reversi/Preview Content\"";
				DEVELOPMENT_TEAM = CJ7BZ8FLC7;
				ENABLE_PREVIEWS = YES;
				GENERATE_INFOPLIST_FILE = YES;
				INFOPLIST_KEY_CFBundleDisplayName = "反转高手";
				INFOPLIST_KEY_UIApplicationSceneManifest_Generation = YES;
				INFOPLIST_KEY_UIApplicationSupportsIndirectInputEvents = YES;
				INFOPLIST_KEY_UILaunchScreen_Generation = YES;
				INFOPLIST_KEY_UISupportedInterfaceOrientations_iPad = "UIInterfaceOrientationPortrait UIInterfaceOrientationPortraitUpsideDown UIInterfaceOrientationLandscapeLeft UIInterfaceOrientationLandscapeRight";
				INFOPLIST_KEY_UISupportedInterfaceOrientations_iPhone = "UIInterfaceOrientationPortrait UIInterfaceOrientationLandscapeLeft UIInterfaceOrientationLandscapeRight";
				LD_RUNPATH_SEARCH_PATHS = (
					"$(inherited)",
					"@executable_path/Frameworks",
				);
				MARKETING_VERSION = 1.0;
				PRODUCT_BUNDLE_IDENTIFIER = com.yiyuan.Reversi;
				PRODUCT_NAME = "$(TARGET_NAME)";
				SWIFT_EMIT_LOC_STRINGS = YES;
				SWIFT_VERSION = 5.0;
				TARGETED_DEVICE_FAMILY = "1,2";
			};
			name = Debug;
		};
		CDC5E92E2D56FF66008C266E /* Release */ = {
			isa = XCBuildConfiguration;
			buildSettings = {
				ASSETCATALOG_COMPILER_APPICON_NAME = AppIcon;
				ASSETCATALOG_COMPILER_GLOBAL_ACCENT_COLOR_NAME = AccentColor;
				CODE_SIGN_STYLE = Automatic;
				CURRENT_PROJECT_VERSION = 1;
				DEVELOPMENT_ASSET_PATHS = "\"Reversi/Preview Content\"";
				DEVELOPMENT_TEAM = CJ7BZ8FLC7;
				ENABLE_PREVIEWS = YES;
				GENERATE_INFOPLIST_FILE = YES;
				INFOPLIST_KEY_CFBundleDisplayName = "反转高手";
				INFOPLIST_KEY_UIApplicationSceneManifest_Generation = YES;
				INFOPLIST_KEY_UIApplicationSupportsIndirectInputEvents = YES;
				INFOPLIST_KEY_UILaunchScreen_Generation = YES;
				INFOPLIST_KEY_UISupportedInterfaceOrientations_iPad = "UIInterfaceOrientationPortrait UIInterfaceOrientationPortraitUpsideDown UIInterfaceOrientationLandscapeLeft UIInterfaceOrientationLandscapeRight";
				INFOPLIST_KEY_UISupportedInterfaceOrientations_iPhone = "UIInterfaceOrientationPortrait UIInterfaceOrientationLandscapeLeft UIInterfaceOrientationLandscapeRight";
				LD_RUNPATH_SEARCH_PATHS = (
					"$(inherited)",
					"@executable_path/Frameworks",
				);
				MARKETING_VERSION = 1.0;
				PRODUCT_BUNDLE_IDENTIFIER = com.yiyuan.Reversi;
				PRODUCT_NAME = "$(TARGET_NAME)";
				SWIFT_EMIT_LOC_STRINGS = YES;
				SWIFT_VERSION = 5.0;
				TARGETED_DEVICE_FAMILY = "1,2";
			};
			name = Release;
		};
		CDC5E9302D56FF66008C266E /* Debug */ = {
			isa = XCBuildConfiguration;
			buildSettings = {
				ALWAYS_EMBED_SWIFT_STANDARD_LIBRARIES = YES;
				BUNDLE_LOADER = "$(TEST_HOST)";
				CODE_SIGN_STYLE = Automatic;
				CURRENT_PROJECT_VERSION = 1;
				DEVELOPMENT_TEAM = CJ7BZ8FLC7;
				GENERATE_INFOPLIST_FILE = YES;
				IPHONEOS_DEPLOYMENT_TARGET = 17.5;
				MARKETING_VERSION = 1.0;
				PRODUCT_BUNDLE_IDENTIFIER = com.yiyuan.ReversiTests;
				PRODUCT_NAME = "$(TARGET_NAME)";
				SWIFT_EMIT_LOC_STRINGS = NO;
				SWIFT_VERSION = 5.0;
				TARGETED_DEVICE_FAMILY = "1,2";
				TEST_HOST = "$(BUILT_PRODUCTS_DIR)/Reversi.app/$(BUNDLE_EXECUTABLE_FOLDER_PATH)/Reversi";
			};
			name = Debug;
		};
		CDC5E9312D56FF66008C266E /* Release */ = {
			isa = XCBuildConfiguration;
			buildSettings = {
				ALWAYS_EMBED_SWIFT_STANDARD_LIBRARIES = YES;
				BUNDLE_LOADER = "$(TEST_HOST)";
				CODE_SIGN_STYLE = Automatic;
				CURRENT_PROJECT_VERSION = 1;
				DEVELOPMENT_TEAM = CJ7BZ8FLC7;
				GENERATE_INFOPLIST_FILE = YES;
				IPHONEOS_DEPLOYMENT_TARGET = 17.5;
				MARKETING_VERSION = 1.0;
				PRODUCT_BUNDLE_IDENTIFIER = com.yiyuan.ReversiTests;
				PRODUCT_NAME = "$(TARGET_NAME)";
				SWIFT_EMIT_LOC_STRINGS = NO;
				SWIFT_VERSION = 5.0;
				TARGETED_DEVICE_FAMILY = "1,2";
				TEST_HOST = "$(BUILT_PRODUCTS_DIR)/Reversi.app/$(BUNDLE_EXECUTABLE_FOLDER_PATH)/Reversi";
			};
			name = Release;
		};
		CDC5E9332D56FF66008C266E /* Debug */ = {
			isa = XCBuildConfiguration;
			buildSettings = {
				ALWAYS_EMBED_SWIFT_STANDARD_LIBRARIES = YES;
				CODE_SIGN_STYLE = Automatic;
				CURRENT_PROJECT_VERSION = 1;
				DEVELOPMENT_TEAM = CJ7BZ8FLC7;
				GENERATE_INFOPLIST_FILE = YES;
				MARKETING_VERSION = 1.0;
				PRODUCT_BUNDLE_IDENTIFIER = com.yiyuan.ReversiUITests;
				PRODUCT_NAME = "$(TARGET_NAME)";
				SWIFT_EMIT_LOC_STRINGS = NO;
				SWIFT_VERSION = 5.0;
				TARGETED_DEVICE_FAMILY = "1,2";
				TEST_TARGET_NAME = Reversi;
			};
			name = Debug;
		};
		CDC5E9342D56FF66008C266E /* Release */ = {
			isa = XCBuildConfiguration;
			buildSettings = {
				ALWAYS_EMBED_SWIFT_STANDARD_LIBRARIES = YES;
				CODE_SIGN_STYLE = Automatic;
				CURRENT_PROJECT_VERSION = 1;
				DEVELOPMENT_TEAM = CJ7BZ8FLC7;
				GENERATE_INFOPLIST_FILE = YES;
				MARKETING_VERSION = 1.0;
				PRODUCT_BUNDLE_IDENTIFIER = com.yiyuan.ReversiUITests;
				PRODUCT_NAME = "$(TARGET_NAME)";
				SWIFT_EMIT_LOC_STRINGS = NO;
				SWIFT_VERSION = 5.0;
				TARGETED_DEVICE_FAMILY = "1,2";
				TEST_TARGET_NAME = Reversi;
			};
			name = Release;
		};
/* End XCBuildConfiguration section */

/* Begin XCConfigurationList section */
		CDC5E9032D56FF65008C266E /* Build configuration list for PBXProject "Reversi" */ = {
			isa = XCConfigurationList;
			buildConfigurations = (
				CDC5E92A2D56FF66008C266E /* Debug */,
				CDC5E92B2D56FF66008C266E /* Release */,
			);
			defaultConfigurationIsVisible = 0;
			defaultConfigurationName = Release;
		};
		CDC5E92C2D56FF66008C266E /* Build configuration list for PBXNativeTarget "Reversi" */ = {
			isa = XCConfigurationList;
			buildConfigurations = (
				CDC5E92D2D56FF66008C266E /* Debug */,
				CDC5E92E2D56FF66008C266E /* Release */,
			);
			defaultConfigurationIsVisible = 0;
			defaultConfigurationName = Release;
		};
		CDC5E92F2D56FF66008C266E /* Build configuration list for PBXNativeTarget "ReversiTests" */ = {
			isa = XCConfigurationList;
			buildConfigurations = (
				CDC5E9302D56FF66008C266E /* Debug */,
				CDC5E9312D56FF66008C266E /* Release */,
			);
			defaultConfigurationIsVisible = 0;
			defaultConfigurationName = Release;
		};
		CDC5E9322D56FF66008C266E /* Build configuration list for PBXNativeTarget "ReversiUITests" */ = {
			isa = XCConfigurationList;
			buildConfigurations = (
				CDC5E9332D56FF66008C266E /* Debug */,
				CDC5E9342D56FF66008C266E /* Release */,
			);
			defaultConfigurationIsVisible = 0;
			defaultConfigurationName = Release;
		};
/* End XCConfigurationList section */
	};
	rootObject = CDC5E9002D56FF65008C266E /* Project object */;
}
